// !$*UTF8*$!
{
	archiveVersion = 1;
	classes = {
	};
	objectVersion = 56;
	objects = {

/* Begin PBXBuildFile section */
		C81EF93329CF075B006E7DD5 /* RoundedSection.swift in Sources */ = {isa = PBXBuildFile; fileRef = C81EF93229CF075B006E7DD5 /* RoundedSection.swift */; };
		C81EF93529CF11D1006E7DD5 /* DaemonEditor.swift in Sources */ = {isa = PBXBuildFile; fileRef = C81EF93429CF11D1006E7DD5 /* DaemonEditor.swift */; };
		C81EF93729CF1539006E7DD5 /* Image+Data.swift in Sources */ = {isa = PBXBuildFile; fileRef = C81EF93629CF1539006E7DD5 /* Image+Data.swift */; };
		C81EF93929CF170A006E7DD5 /* View+hidden.swift in Sources */ = {isa = PBXBuildFile; fileRef = C81EF93829CF170A006E7DD5 /* View+hidden.swift */; };
		C81EF93B29CF1713006E7DD5 /* View+border.swift in Sources */ = {isa = PBXBuildFile; fileRef = C81EF93A29CF1713006E7DD5 /* View+border.swift */; };
		C81EF93D29CF76DD006E7DD5 /* ExecutionPicker.swift in Sources */ = {isa = PBXBuildFile; fileRef = C81EF93C29CF76DD006E7DD5 /* ExecutionPicker.swift */; };
		C81EF93F29CF7875006E7DD5 /* TextFieldSettingRow.swift in Sources */ = {isa = PBXBuildFile; fileRef = C81EF93E29CF7875006E7DD5 /* TextFieldSettingRow.swift */; };
		C81EF94129CF78AD006E7DD5 /* ToggleSettingRow.swift in Sources */ = {isa = PBXBuildFile; fileRef = C81EF94029CF78AD006E7DD5 /* ToggleSettingRow.swift */; };
		C81EF94329CF7932006E7DD5 /* tech_task.txt in Resources */ = {isa = PBXBuildFile; fileRef = C81EF94229CF7932006E7DD5 /* tech_task.txt */; };
		C81EF94529CF799C006E7DD5 /* DaemonExecution.swift in Sources */ = {isa = PBXBuildFile; fileRef = C81EF94429CF799C006E7DD5 /* DaemonExecution.swift */; };
		C81EF94829CF7B2E006E7DD5 /* DaemonView+Main.swift in Sources */ = {isa = PBXBuildFile; fileRef = C81EF94729CF7B2E006E7DD5 /* DaemonView+Main.swift */; };
		C81EF94A29CF7B67006E7DD5 /* DaemonView+Launch.swift in Sources */ = {isa = PBXBuildFile; fileRef = C81EF94929CF7B67006E7DD5 /* DaemonView+Launch.swift */; };
		C81EF94C29CF84B1006E7DD5 /* DaemonView+Stop.swift in Sources */ = {isa = PBXBuildFile; fileRef = C81EF94B29CF84B1006E7DD5 /* DaemonView+Stop.swift */; };
		C81EF94E29CF8C69006E7DD5 /* Stepper.swift in Sources */ = {isa = PBXBuildFile; fileRef = C81EF94D29CF8C69006E7DD5 /* Stepper.swift */; };
		C81EF95029CF90B2006E7DD5 /* StepperList.swift in Sources */ = {isa = PBXBuildFile; fileRef = C81EF94F29CF90B2006E7DD5 /* StepperList.swift */; };
		C81EF95229CF91E2006E7DD5 /* View+cornerRadius.swift in Sources */ = {isa = PBXBuildFile; fileRef = C81EF95129CF91E2006E7DD5 /* View+cornerRadius.swift */; };
		C81EF95829D04BA6006E7DD5 /* Daemons.xcdatamodeld in Sources */ = {isa = PBXBuildFile; fileRef = C81EF95629D04BA6006E7DD5 /* Daemons.xcdatamodeld */; };
		C89689BE29BF57AF00DF5BD6 /* Color+Hex.swift in Sources */ = {isa = PBXBuildFile; fileRef = C89689BD29BF57AF00DF5BD6 /* Color+Hex.swift */; };
		C8E4066829BC7FEF00F5E0B5 /* DropView.swift in Sources */ = {isa = PBXBuildFile; fileRef = C8E4066729BC7FEF00F5E0B5 /* DropView.swift */; };
		C8E4066C29BC86E900F5E0B5 /* DaemonView.swift in Sources */ = {isa = PBXBuildFile; fileRef = C8E4066B29BC86E900F5E0B5 /* DaemonView.swift */; };
		C8E4066E29BC9B9600F5E0B5 /* Avatar.swift in Sources */ = {isa = PBXBuildFile; fileRef = C8E4066D29BC9B9600F5E0B5 /* Avatar.swift */; };
		CE7DC77A29B8D80900847FE7 /* EnvironmentApp.swift in Sources */ = {isa = PBXBuildFile; fileRef = CE7DC77929B8D80900847FE7 /* EnvironmentApp.swift */; };
		CE7DC77E29B8D80A00847FE7 /* Assets.xcassets in Resources */ = {isa = PBXBuildFile; fileRef = CE7DC77D29B8D80A00847FE7 /* Assets.xcassets */; };
		CE7DC78129B8D80A00847FE7 /* Preview Assets.xcassets in Resources */ = {isa = PBXBuildFile; fileRef = CE7DC78029B8D80A00847FE7 /* Preview Assets.xcassets */; };
		CE7DC78929B8DBD300847FE7 /* MonitorView.swift in Sources */ = {isa = PBXBuildFile; fileRef = CE7DC78829B8DBD300847FE7 /* MonitorView.swift */; };
		CE7DC78B29B8EDB600847FE7 /* Daemon.swift in Sources */ = {isa = PBXBuildFile; fileRef = CE7DC78A29B8EDB600847FE7 /* Daemon.swift */; };
		CE7DC78D29B8EEF600847FE7 /* DaemonStorage.swift in Sources */ = {isa = PBXBuildFile; fileRef = CE7DC78C29B8EEF600847FE7 /* DaemonStorage.swift */; };
		CE7DC79229B8EFB300847FE7 /* Monitor.swift in Sources */ = {isa = PBXBuildFile; fileRef = CE7DC79129B8EFB300847FE7 /* Monitor.swift */; };
/* End PBXBuildFile section */

/* Begin PBXFileReference section */
		C81EF93229CF075B006E7DD5 /* RoundedSection.swift */ = {isa = PBXFileReference; lastKnownFileType = sourcecode.swift; path = RoundedSection.swift; sourceTree = "<group>"; };
		C81EF93429CF11D1006E7DD5 /* DaemonEditor.swift */ = {isa = PBXFileReference; lastKnownFileType = sourcecode.swift; path = DaemonEditor.swift; sourceTree = "<group>"; };
		C81EF93629CF1539006E7DD5 /* Image+Data.swift */ = {isa = PBXFileReference; lastKnownFileType = sourcecode.swift; path = "Image+Data.swift"; sourceTree = "<group>"; };
		C81EF93829CF170A006E7DD5 /* View+hidden.swift */ = {isa = PBXFileReference; lastKnownFileType = sourcecode.swift; path = "View+hidden.swift"; sourceTree = "<group>"; };
		C81EF93A29CF1713006E7DD5 /* View+border.swift */ = {isa = PBXFileReference; lastKnownFileType = sourcecode.swift; path = "View+border.swift"; sourceTree = "<group>"; };
		C81EF93C29CF76DD006E7DD5 /* ExecutionPicker.swift */ = {isa = PBXFileReference; lastKnownFileType = sourcecode.swift; path = ExecutionPicker.swift; sourceTree = "<group>"; };
		C81EF93E29CF7875006E7DD5 /* TextFieldSettingRow.swift */ = {isa = PBXFileReference; lastKnownFileType = sourcecode.swift; path = TextFieldSettingRow.swift; sourceTree = "<group>"; };
		C81EF94029CF78AD006E7DD5 /* ToggleSettingRow.swift */ = {isa = PBXFileReference; lastKnownFileType = sourcecode.swift; path = ToggleSettingRow.swift; sourceTree = "<group>"; };
		C81EF94229CF7932006E7DD5 /* tech_task.txt */ = {isa = PBXFileReference; lastKnownFileType = text; path = tech_task.txt; sourceTree = "<group>"; };
		C81EF94429CF799C006E7DD5 /* DaemonExecution.swift */ = {isa = PBXFileReference; lastKnownFileType = sourcecode.swift; path = DaemonExecution.swift; sourceTree = "<group>"; };
		C81EF94729CF7B2E006E7DD5 /* DaemonView+Main.swift */ = {isa = PBXFileReference; lastKnownFileType = sourcecode.swift; path = "DaemonView+Main.swift"; sourceTree = "<group>"; };
		C81EF94929CF7B67006E7DD5 /* DaemonView+Launch.swift */ = {isa = PBXFileReference; lastKnownFileType = sourcecode.swift; path = "DaemonView+Launch.swift"; sourceTree = "<group>"; };
		C81EF94B29CF84B1006E7DD5 /* DaemonView+Stop.swift */ = {isa = PBXFileReference; lastKnownFileType = sourcecode.swift; path = "DaemonView+Stop.swift"; sourceTree = "<group>"; };
		C81EF94D29CF8C69006E7DD5 /* Stepper.swift */ = {isa = PBXFileReference; lastKnownFileType = sourcecode.swift; path = Stepper.swift; sourceTree = "<group>"; };
		C81EF94F29CF90B2006E7DD5 /* StepperList.swift */ = {isa = PBXFileReference; lastKnownFileType = sourcecode.swift; path = StepperList.swift; sourceTree = "<group>"; };
		C81EF95129CF91E2006E7DD5 /* View+cornerRadius.swift */ = {isa = PBXFileReference; lastKnownFileType = sourcecode.swift; path = "View+cornerRadius.swift"; sourceTree = "<group>"; };
		C81EF95729D04BA6006E7DD5 /* Environment.xcdatamodel */ = {isa = PBXFileReference; lastKnownFileType = wrapper.xcdatamodel; path = Environment.xcdatamodel; sourceTree = "<group>"; };
		C89689BD29BF57AF00DF5BD6 /* Color+Hex.swift */ = {isa = PBXFileReference; lastKnownFileType = sourcecode.swift; path = "Color+Hex.swift"; sourceTree = "<group>"; };
		C8E4066729BC7FEF00F5E0B5 /* DropView.swift */ = {isa = PBXFileReference; lastKnownFileType = sourcecode.swift; path = DropView.swift; sourceTree = "<group>"; };
		C8E4066B29BC86E900F5E0B5 /* DaemonView.swift */ = {isa = PBXFileReference; lastKnownFileType = sourcecode.swift; path = DaemonView.swift; sourceTree = "<group>"; };
		C8E4066D29BC9B9600F5E0B5 /* Avatar.swift */ = {isa = PBXFileReference; lastKnownFileType = sourcecode.swift; path = Avatar.swift; sourceTree = "<group>"; };
		CE7DC77629B8D80800847FE7 /* Environment.app */ = {isa = PBXFileReference; explicitFileType = wrapper.application; includeInIndex = 0; path = Environment.app; sourceTree = BUILT_PRODUCTS_DIR; };
		CE7DC77929B8D80900847FE7 /* EnvironmentApp.swift */ = {isa = PBXFileReference; lastKnownFileType = sourcecode.swift; path = EnvironmentApp.swift; sourceTree = "<group>"; };
		CE7DC77D29B8D80A00847FE7 /* Assets.xcassets */ = {isa = PBXFileReference; lastKnownFileType = folder.assetcatalog; path = Assets.xcassets; sourceTree = "<group>"; };
		CE7DC78029B8D80A00847FE7 /* Preview Assets.xcassets */ = {isa = PBXFileReference; lastKnownFileType = folder.assetcatalog; path = "Preview Assets.xcassets"; sourceTree = "<group>"; };
		CE7DC78229B8D80A00847FE7 /* Environment.entitlements */ = {isa = PBXFileReference; lastKnownFileType = text.plist.entitlements; path = Environment.entitlements; sourceTree = "<group>"; };
		CE7DC78829B8DBD300847FE7 /* MonitorView.swift */ = {isa = PBXFileReference; lastKnownFileType = sourcecode.swift; path = MonitorView.swift; sourceTree = "<group>"; };
		CE7DC78A29B8EDB600847FE7 /* Daemon.swift */ = {isa = PBXFileReference; lastKnownFileType = sourcecode.swift; path = Daemon.swift; sourceTree = "<group>"; };
		CE7DC78C29B8EEF600847FE7 /* DaemonStorage.swift */ = {isa = PBXFileReference; lastKnownFileType = sourcecode.swift; path = DaemonStorage.swift; sourceTree = "<group>"; };
		CE7DC79129B8EFB300847FE7 /* Monitor.swift */ = {isa = PBXFileReference; lastKnownFileType = sourcecode.swift; path = Monitor.swift; sourceTree = "<group>"; };
/* End PBXFileReference section */

/* Begin PBXFrameworksBuildPhase section */
		CE7DC77329B8D80800847FE7 /* Frameworks */ = {
			isa = PBXFrameworksBuildPhase;
			buildActionMask = 2147483647;
			files = (
			);
			runOnlyForDeploymentPostprocessing = 0;
		};
/* End PBXFrameworksBuildPhase section */

/* Begin PBXGroup section */
		C81EF94629CF7B1C006E7DD5 /* Section */ = {
			isa = PBXGroup;
			children = (
				C81EF94729CF7B2E006E7DD5 /* DaemonView+Main.swift */,
				C81EF94929CF7B67006E7DD5 /* DaemonView+Launch.swift */,
				C81EF94B29CF84B1006E7DD5 /* DaemonView+Stop.swift */,
			);
			path = Section;
			sourceTree = "<group>";
		};
		C89689BF29BF57C800DF5BD6 /* UI */ = {
			isa = PBXGroup;
			children = (
				C89689C229BF57E200DF5BD6 /* Common */,
				C89689C029BF57D100DF5BD6 /* Story */,
			);
			path = UI;
			sourceTree = "<group>";
		};
		C89689C029BF57D100DF5BD6 /* Story */ = {
			isa = PBXGroup;
			children = (
				C89689C129BF57D700DF5BD6 /* Monitor */,
				C89689C329BF57EA00DF5BD6 /* Daemon */,
			);
			path = Story;
			sourceTree = "<group>";
		};
		C89689C129BF57D700DF5BD6 /* Monitor */ = {
			isa = PBXGroup;
			children = (
				CE7DC78829B8DBD300847FE7 /* MonitorView.swift */,
				CE7DC79129B8EFB300847FE7 /* Monitor.swift */,
			);
			path = Monitor;
			sourceTree = "<group>";
		};
		C89689C229BF57E200DF5BD6 /* Common */ = {
			isa = PBXGroup;
			children = (
				C8E4066729BC7FEF00F5E0B5 /* DropView.swift */,
				C8E4066D29BC9B9600F5E0B5 /* Avatar.swift */,
				C81EF93229CF075B006E7DD5 /* RoundedSection.swift */,
				C81EF93E29CF7875006E7DD5 /* TextFieldSettingRow.swift */,
				C81EF94029CF78AD006E7DD5 /* ToggleSettingRow.swift */,
				C81EF93C29CF76DD006E7DD5 /* ExecutionPicker.swift */,
				C81EF94D29CF8C69006E7DD5 /* Stepper.swift */,
				C81EF94F29CF90B2006E7DD5 /* StepperList.swift */,
			);
			path = Common;
			sourceTree = "<group>";
		};
		C89689C329BF57EA00DF5BD6 /* Daemon */ = {
			isa = PBXGroup;
			children = (
				C81EF94629CF7B1C006E7DD5 /* Section */,
				C8E4066B29BC86E900F5E0B5 /* DaemonView.swift */,
				C81EF93429CF11D1006E7DD5 /* DaemonEditor.swift */,
				CE7DC78A29B8EDB600847FE7 /* Daemon.swift */,
				C81EF94429CF799C006E7DD5 /* DaemonExecution.swift */,
			);
			path = Daemon;
			sourceTree = "<group>";
		};
		C89689C429BF57F400DF5BD6 /* Utils */ = {
			isa = PBXGroup;
			children = (
				C89689BD29BF57AF00DF5BD6 /* Color+Hex.swift */,
				C81EF93629CF1539006E7DD5 /* Image+Data.swift */,
				C81EF93829CF170A006E7DD5 /* View+hidden.swift */,
				C81EF93A29CF1713006E7DD5 /* View+border.swift */,
				C81EF95129CF91E2006E7DD5 /* View+cornerRadius.swift */,
			);
			path = Utils;
			sourceTree = "<group>";
		};
		CE7DC76D29B8D80800847FE7 = {
			isa = PBXGroup;
			children = (
				CE7DC77829B8D80800847FE7 /* Environment */,
				CE7DC77729B8D80800847FE7 /* Products */,
			);
			sourceTree = "<group>";
		};
		CE7DC77729B8D80800847FE7 /* Products */ = {
			isa = PBXGroup;
			children = (
				CE7DC77629B8D80800847FE7 /* Environment.app */,
			);
			name = Products;
			sourceTree = "<group>";
		};
		CE7DC77829B8D80800847FE7 /* Environment */ = {
			isa = PBXGroup;
			children = (
				CE7DC77929B8D80900847FE7 /* EnvironmentApp.swift */,
				CE7DC78C29B8EEF600847FE7 /* DaemonStorage.swift */,
				C81EF94229CF7932006E7DD5 /* tech_task.txt */,
				C89689BF29BF57C800DF5BD6 /* UI */,
				C89689C429BF57F400DF5BD6 /* Utils */,
				C81EF95629D04BA6006E7DD5 /* Daemons.xcdatamodeld */,
				CE7DC77D29B8D80A00847FE7 /* Assets.xcassets */,
				CE7DC78229B8D80A00847FE7 /* Environment.entitlements */,
				CE7DC77F29B8D80A00847FE7 /* Preview Content */,
			);
			path = Environment;
			sourceTree = "<group>";
		};
		CE7DC77F29B8D80A00847FE7 /* Preview Content */ = {
			isa = PBXGroup;
			children = (
				CE7DC78029B8D80A00847FE7 /* Preview Assets.xcassets */,
			);
			path = "Preview Content";
			sourceTree = "<group>";
		};
/* End PBXGroup section */

/* Begin PBXNativeTarget section */
		CE7DC77529B8D80800847FE7 /* Environment */ = {
			isa = PBXNativeTarget;
			buildConfigurationList = CE7DC78529B8D80A00847FE7 /* Build configuration list for PBXNativeTarget "Environment" */;
			buildPhases = (
				CE7DC77229B8D80800847FE7 /* Sources */,
				CE7DC77329B8D80800847FE7 /* Frameworks */,
				CE7DC77429B8D80800847FE7 /* Resources */,
			);
			buildRules = (
			);
			dependencies = (
			);
			name = Environment;
			productName = Environment;
			productReference = CE7DC77629B8D80800847FE7 /* Environment.app */;
			productType = "com.apple.product-type.application";
		};
/* End PBXNativeTarget section */

/* Begin PBXProject section */
		CE7DC76E29B8D80800847FE7 /* Project object */ = {
			isa = PBXProject;
			attributes = {
				BuildIndependentTargetsInParallel = 1;
				LastSwiftUpdateCheck = 1420;
				LastUpgradeCheck = 1420;
				TargetAttributes = {
					CE7DC77529B8D80800847FE7 = {
						CreatedOnToolsVersion = 14.2;
					};
				};
			};
			buildConfigurationList = CE7DC77129B8D80800847FE7 /* Build configuration list for PBXProject "Environment" */;
			compatibilityVersion = "Xcode 14.0";
			developmentRegion = en;
			hasScannedForEncodings = 0;
			knownRegions = (
				en,
				Base,
			);
			mainGroup = CE7DC76D29B8D80800847FE7;
			productRefGroup = CE7DC77729B8D80800847FE7 /* Products */;
			projectDirPath = "";
			projectRoot = "";
			targets = (
				CE7DC77529B8D80800847FE7 /* Environment */,
			);
		};
/* End PBXProject section */

/* Begin PBXResourcesBuildPhase section */
		CE7DC77429B8D80800847FE7 /* Resources */ = {
			isa = PBXResourcesBuildPhase;
			buildActionMask = 2147483647;
			files = (
				CE7DC78129B8D80A00847FE7 /* Preview Assets.xcassets in Resources */,
				CE7DC77E29B8D80A00847FE7 /* Assets.xcassets in Resources */,
				C81EF94329CF7932006E7DD5 /* tech_task.txt in Resources */,
			);
			runOnlyForDeploymentPostprocessing = 0;
		};
/* End PBXResourcesBuildPhase section */

/* Begin PBXSourcesBuildPhase section */
		CE7DC77229B8D80800847FE7 /* Sources */ = {
			isa = PBXSourcesBuildPhase;
			buildActionMask = 2147483647;
			files = (
				CE7DC78929B8DBD300847FE7 /* MonitorView.swift in Sources */,
				C81EF93329CF075B006E7DD5 /* RoundedSection.swift in Sources */,
				C81EF93D29CF76DD006E7DD5 /* ExecutionPicker.swift in Sources */,
				C8E4066829BC7FEF00F5E0B5 /* DropView.swift in Sources */,
				C81EF93929CF170A006E7DD5 /* View+hidden.swift in Sources */,
				CE7DC78D29B8EEF600847FE7 /* DaemonStorage.swift in Sources */,
				C81EF93529CF11D1006E7DD5 /* DaemonEditor.swift in Sources */,
				C81EF95829D04BA6006E7DD5 /* Daemons.xcdatamodeld in Sources */,
				C81EF94A29CF7B67006E7DD5 /* DaemonView+Launch.swift in Sources */,
				C81EF93F29CF7875006E7DD5 /* TextFieldSettingRow.swift in Sources */,
				C81EF93729CF1539006E7DD5 /* Image+Data.swift in Sources */,
				C81EF95029CF90B2006E7DD5 /* StepperList.swift in Sources */,
				CE7DC77A29B8D80900847FE7 /* EnvironmentApp.swift in Sources */,
				C8E4066C29BC86E900F5E0B5 /* DaemonView.swift in Sources */,
				C81EF93B29CF1713006E7DD5 /* View+border.swift in Sources */,
				C81EF94529CF799C006E7DD5 /* DaemonExecution.swift in Sources */,
				C81EF94E29CF8C69006E7DD5 /* Stepper.swift in Sources */,
				C89689BE29BF57AF00DF5BD6 /* Color+Hex.swift in Sources */,
				C81EF94829CF7B2E006E7DD5 /* DaemonView+Main.swift in Sources */,
				CE7DC79229B8EFB300847FE7 /* Monitor.swift in Sources */,
				C8E4066E29BC9B9600F5E0B5 /* Avatar.swift in Sources */,
				C81EF95229CF91E2006E7DD5 /* View+cornerRadius.swift in Sources */,
				CE7DC78B29B8EDB600847FE7 /* Daemon.swift in Sources */,
				C81EF94C29CF84B1006E7DD5 /* DaemonView+Stop.swift in Sources */,
				C81EF94129CF78AD006E7DD5 /* ToggleSettingRow.swift in Sources */,
			);
			runOnlyForDeploymentPostprocessing = 0;
		};
/* End PBXSourcesBuildPhase section */

/* Begin XCBuildConfiguration section */
		CE7DC78329B8D80A00847FE7 /* Debug */ = {
			isa = XCBuildConfiguration;
			buildSettings = {
				ALWAYS_SEARCH_USER_PATHS = NO;
				CLANG_ANALYZER_NONNULL = YES;
				CLANG_ANALYZER_NUMBER_OBJECT_CONVERSION = YES_AGGRESSIVE;
				CLANG_CXX_LANGUAGE_STANDARD = "gnu++20";
				CLANG_ENABLE_MODULES = YES;
				CLANG_ENABLE_OBJC_ARC = YES;
				CLANG_ENABLE_OBJC_WEAK = YES;
				CLANG_WARN_BLOCK_CAPTURE_AUTORELEASING = YES;
				CLANG_WARN_BOOL_CONVERSION = YES;
				CLANG_WARN_COMMA = YES;
				CLANG_WARN_CONSTANT_CONVERSION = YES;
				CLANG_WARN_DEPRECATED_OBJC_IMPLEMENTATIONS = YES;
				CLANG_WARN_DIRECT_OBJC_ISA_USAGE = YES_ERROR;
				CLANG_WARN_DOCUMENTATION_COMMENTS = YES;
				CLANG_WARN_EMPTY_BODY = YES;
				CLANG_WARN_ENUM_CONVERSION = YES;
				CLANG_WARN_INFINITE_RECURSION = YES;
				CLANG_WARN_INT_CONVERSION = YES;
				CLANG_WARN_NON_LITERAL_NULL_CONVERSION = YES;
				CLANG_WARN_OBJC_IMPLICIT_RETAIN_SELF = YES;
				CLANG_WARN_OBJC_LITERAL_CONVERSION = YES;
				CLANG_WARN_OBJC_ROOT_CLASS = YES_ERROR;
				CLANG_WARN_QUOTED_INCLUDE_IN_FRAMEWORK_HEADER = YES;
				CLANG_WARN_RANGE_LOOP_ANALYSIS = YES;
				CLANG_WARN_STRICT_PROTOTYPES = YES;
				CLANG_WARN_SUSPICIOUS_MOVE = YES;
				CLANG_WARN_UNGUARDED_AVAILABILITY = YES_AGGRESSIVE;
				CLANG_WARN_UNREACHABLE_CODE = YES;
				CLANG_WARN__DUPLICATE_METHOD_MATCH = YES;
				COPY_PHASE_STRIP = NO;
				DEBUG_INFORMATION_FORMAT = dwarf;
				ENABLE_STRICT_OBJC_MSGSEND = YES;
				ENABLE_TESTABILITY = YES;
				GCC_C_LANGUAGE_STANDARD = gnu11;
				GCC_DYNAMIC_NO_PIC = NO;
				GCC_NO_COMMON_BLOCKS = YES;
				GCC_OPTIMIZATION_LEVEL = 0;
				GCC_PREPROCESSOR_DEFINITIONS = (
					"DEBUG=1",
					"$(inherited)",
				);
				GCC_WARN_64_TO_32_BIT_CONVERSION = YES;
				GCC_WARN_ABOUT_RETURN_TYPE = YES_ERROR;
				GCC_WARN_UNDECLARED_SELECTOR = YES;
				GCC_WARN_UNINITIALIZED_AUTOS = YES_AGGRESSIVE;
				GCC_WARN_UNUSED_FUNCTION = YES;
				GCC_WARN_UNUSED_VARIABLE = YES;
				MACOSX_DEPLOYMENT_TARGET = 13.1;
				MTL_ENABLE_DEBUG_INFO = INCLUDE_SOURCE;
				MTL_FAST_MATH = YES;
				ONLY_ACTIVE_ARCH = YES;
				SDKROOT = macosx;
				SWIFT_ACTIVE_COMPILATION_CONDITIONS = DEBUG;
				SWIFT_OPTIMIZATION_LEVEL = "-Onone";
			};
			name = Debug;
		};
		CE7DC78429B8D80A00847FE7 /* Release */ = {
			isa = XCBuildConfiguration;
			buildSettings = {
				ALWAYS_SEARCH_USER_PATHS = NO;
				CLANG_ANALYZER_NONNULL = YES;
				CLANG_ANALYZER_NUMBER_OBJECT_CONVERSION = YES_AGGRESSIVE;
				CLANG_CXX_LANGUAGE_STANDARD = "gnu++20";
				CLANG_ENABLE_MODULES = YES;
				CLANG_ENABLE_OBJC_ARC = YES;
				CLANG_ENABLE_OBJC_WEAK = YES;
				CLANG_WARN_BLOCK_CAPTURE_AUTORELEASING = YES;
				CLANG_WARN_BOOL_CONVERSION = YES;
				CLANG_WARN_COMMA = YES;
				CLANG_WARN_CONSTANT_CONVERSION = YES;
				CLANG_WARN_DEPRECATED_OBJC_IMPLEMENTATIONS = YES;
				CLANG_WARN_DIRECT_OBJC_ISA_USAGE = YES_ERROR;
				CLANG_WARN_DOCUMENTATION_COMMENTS = YES;
				CLANG_WARN_EMPTY_BODY = YES;
				CLANG_WARN_ENUM_CONVERSION = YES;
				CLANG_WARN_INFINITE_RECURSION = YES;
				CLANG_WARN_INT_CONVERSION = YES;
				CLANG_WARN_NON_LITERAL_NULL_CONVERSION = YES;
				CLANG_WARN_OBJC_IMPLICIT_RETAIN_SELF = YES;
				CLANG_WARN_OBJC_LITERAL_CONVERSION = YES;
				CLANG_WARN_OBJC_ROOT_CLASS = YES_ERROR;
				CLANG_WARN_QUOTED_INCLUDE_IN_FRAMEWORK_HEADER = YES;
				CLANG_WARN_RANGE_LOOP_ANALYSIS = YES;
				CLANG_WARN_STRICT_PROTOTYPES = YES;
				CLANG_WARN_SUSPICIOUS_MOVE = YES;
				CLANG_WARN_UNGUARDED_AVAILABILITY = YES_AGGRESSIVE;
				CLANG_WARN_UNREACHABLE_CODE = YES;
				CLANG_WARN__DUPLICATE_METHOD_MATCH = YES;
				COPY_PHASE_STRIP = NO;
				DEBUG_INFORMATION_FORMAT = "dwarf-with-dsym";
				ENABLE_NS_ASSERTIONS = NO;
				ENABLE_STRICT_OBJC_MSGSEND = YES;
				GCC_C_LANGUAGE_STANDARD = gnu11;
				GCC_NO_COMMON_BLOCKS = YES;
				GCC_WARN_64_TO_32_BIT_CONVERSION = YES;
				GCC_WARN_ABOUT_RETURN_TYPE = YES_ERROR;
				GCC_WARN_UNDECLARED_SELECTOR = YES;
				GCC_WARN_UNINITIALIZED_AUTOS = YES_AGGRESSIVE;
				GCC_WARN_UNUSED_FUNCTION = YES;
				GCC_WARN_UNUSED_VARIABLE = YES;
				MACOSX_DEPLOYMENT_TARGET = 13.1;
				MTL_ENABLE_DEBUG_INFO = NO;
				MTL_FAST_MATH = YES;
				SDKROOT = macosx;
				SWIFT_COMPILATION_MODE = wholemodule;
				SWIFT_OPTIMIZATION_LEVEL = "-O";
			};
			name = Release;
		};
		CE7DC78629B8D80A00847FE7 /* Debug */ = {
			isa = XCBuildConfiguration;
			buildSettings = {
				ASSETCATALOG_COMPILER_APPICON_NAME = AppIcon;
				ASSETCATALOG_COMPILER_GLOBAL_ACCENT_COLOR_NAME = AccentColor;
				CODE_SIGN_ENTITLEMENTS = Environment/Environment.entitlements;
				CODE_SIGN_STYLE = Automatic;
				COMBINE_HIDPI_IMAGES = YES;
				CURRENT_PROJECT_VERSION = 1;
				DEVELOPMENT_ASSET_PATHS = "\"Environment/Preview Content\"";
				ENABLE_PREVIEWS = YES;
				GENERATE_INFOPLIST_FILE = YES;
				INFOPLIST_KEY_NSHumanReadableCopyright = "";
				LD_RUNPATH_SEARCH_PATHS = (
					"$(inherited)",
					"@executable_path/../Frameworks",
				);
				MARKETING_VERSION = 1.0;
				PRODUCT_BUNDLE_IDENTIFIER = com.sychmasterservice.Environment;
				PRODUCT_NAME = "$(TARGET_NAME)";
				SWIFT_EMIT_LOC_STRINGS = YES;
				SWIFT_VERSION = 5.0;
			};
			name = Debug;
		};
		CE7DC78729B8D80A00847FE7 /* Release */ = {
			isa = XCBuildConfiguration;
			buildSettings = {
				ASSETCATALOG_COMPILER_APPICON_NAME = AppIcon;
				ASSETCATALOG_COMPILER_GLOBAL_ACCENT_COLOR_NAME = AccentColor;
				CODE_SIGN_ENTITLEMENTS = Environment/Environment.entitlements;
				CODE_SIGN_STYLE = Automatic;
				COMBINE_HIDPI_IMAGES = YES;
				CURRENT_PROJECT_VERSION = 1;
				DEVELOPMENT_ASSET_PATHS = "\"Environment/Preview Content\"";
				ENABLE_PREVIEWS = YES;
				GENERATE_INFOPLIST_FILE = YES;
				INFOPLIST_KEY_NSHumanReadableCopyright = "";
				LD_RUNPATH_SEARCH_PATHS = (
					"$(inherited)",
					"@executable_path/../Frameworks",
				);
				MARKETING_VERSION = 1.0;
				PRODUCT_BUNDLE_IDENTIFIER = com.sychmasterservice.Environment;
				PRODUCT_NAME = "$(TARGET_NAME)";
				SWIFT_EMIT_LOC_STRINGS = YES;
				SWIFT_VERSION = 5.0;
			};
			name = Release;
		};
/* End XCBuildConfiguration section */

/* Begin XCConfigurationList section */
		CE7DC77129B8D80800847FE7 /* Build configuration list for PBXProject "Environment" */ = {
			isa = XCConfigurationList;
			buildConfigurations = (
				CE7DC78329B8D80A00847FE7 /* Debug */,
				CE7DC78429B8D80A00847FE7 /* Release */,
			);
			defaultConfigurationIsVisible = 0;
			defaultConfigurationName = Release;
		};
		CE7DC78529B8D80A00847FE7 /* Build configuration list for PBXNativeTarget "Environment" */ = {
			isa = XCConfigurationList;
			buildConfigurations = (
				CE7DC78629B8D80A00847FE7 /* Debug */,
				CE7DC78729B8D80A00847FE7 /* Release */,
			);
			defaultConfigurationIsVisible = 0;
			defaultConfigurationName = Release;
		};
/* End XCConfigurationList section */

/* Begin XCVersionGroup section */
		C81EF95629D04BA6006E7DD5 /* Daemons.xcdatamodeld */ = {
			isa = XCVersionGroup;
			children = (
				C81EF95729D04BA6006E7DD5 /* Environment.xcdatamodel */,
			);
			currentVersion = C81EF95729D04BA6006E7DD5 /* Environment.xcdatamodel */;
			path = Daemons.xcdatamodeld;
			sourceTree = "<group>";
			versionGroupType = wrapper.xcdatamodel;
		};
/* End XCVersionGroup section */
	};
	rootObject = CE7DC76E29B8D80800847FE7 /* Project object */;
}
